
Microsoft Visual Studio Solution File, Format Version 12.00
# Visual Studio Version 17
VisualStudioVersion = 17.10.35122.118
MinimumVisualStudioVersion = 10.0.40219.1
Project("{FAE04EC0-301F-11D3-BF4B-00C04F79EFBC}") = "Number Guessing Game", "Number Guessing Game.csproj", "{74758ABC-58E2-436F-9B9A-1417106BA2B9}"
EndProject
Global
	GlobalSection(SolutionConfigurationPlatforms) = preSolution
		Debug|Any CPU = Debug|Any CPU
		Release|Any CPU = Release|Any CPU
	EndGlobalSection
	GlobalSection(ProjectConfigurationPlatforms) = postSolution
		{74758ABC-58E2-436F-9B9A-1417106BA2B9}.Debug|Any CPU.ActiveCfg = Debug|Any CPU
		{74758ABC-58E2-436F-9B9A-1417106BA2B9}.Debug|Any CPU.Build.0 = Debug|Any CPU
		{74758ABC-58E2-436F-9B9A-1417106BA2B9}.Release|Any CPU.ActiveCfg = Release|Any CPU
		{74758ABC-58E2-436F-9B9A-1417106BA2B9}.Release|Any CPU.Build.0 = Release|Any CPU
	EndGlobalSection
	GlobalSection(SolutionProperties) = preSolution
		HideSolutionNode = FALSE
	EndGlobalSection
	GlobalSection(ExtensibilityGlobals) = postSolution
		SolutionGuid = {690575B0-DB37-424D-B974-6663B82107B6}
	EndGlobalSection
EndGlobal
